
Microsoft Visual Studio Solution File, Format Version 12.00
# Visual Studio Version 16
VisualStudioVersion = 16.0.31105.61
MinimumVisualStudioVersion = 10.0.40219.1
Project("{FAE04EC0-301F-11D3-BF4B-00C04F79EFBC}") = "CG.Android", "CG.Android\CG.Android.csproj", "{1C9423C1-F8C8-498E-B913-21C780818965}"
EndProject
Project("{FAE04EC0-301F-11D3-BF4B-00C04F79EFBC}") = "CG.iOS", "CG.iOS\CG.iOS.csproj", "{28DC4B1C-76F3-4040-BB75-3925837E98AD}"
EndProject
Project("{9A19103F-16F7-4668-BE54-9A1E7A4F7556}") = "CG", "CG\CG.csproj", "{3F9B5B29-BEF2-476E-B70B-B249A837F288}"
EndProject
Project("{9A19103F-16F7-4668-BE54-9A1E7A4F7556}") = "Api.Resonse", "Api.Resonse\Api.Resonse.csproj", "{6F186115-D244-42D6-82A6-4D9D325EF64C}"
EndProject
Project("{9A19103F-16F7-4668-BE54-9A1E7A4F7556}") = "Api.Request", "Api.Request\Api.Request.csproj", "{7F643B5E-80FE-473A-BD6F-7EADDD8921F4}"
EndProject
Project("{9A19103F-16F7-4668-BE54-9A1E7A4F7556}") = "CG.Dal", "CG.Dal\CG.Dal.csproj", "{BAE6EB4E-8DCD-4DB1-89F9-DCC6D44FD98C}"
EndProject
Project("{9A19103F-16F7-4668-BE54-9A1E7A4F7556}") = "CG.Providers", "CG.Providers\CG.Providers.csproj", "{4E09A462-D38E-4287-BFA5-73CDD8FEC85B}"
EndProject
Project("{9A19103F-16F7-4668-BE54-9A1E7A4F7556}") = "CG.Services", "CG.Services\CG.Services.csproj", "{F5E85D58-2CA3-4FFB-8855-D8D3EB9DD0A7}"
EndProject
Project("{FAE04EC0-301F-11D3-BF4B-00C04F79EFBC}") = "CG.Models", "CG.Models\CG.Models.csproj", "{568B6564-8E37-4BED-A74D-52B700425CB2}"
EndProject
Global
	GlobalSection(SolutionConfigurationPlatforms) = preSolution
		Debug|Any CPU = Debug|Any CPU
		Debug|iPhone = Debug|iPhone
		Debug|iPhoneSimulator = Debug|iPhoneSimulator
		Release|Any CPU = Release|Any CPU
		Release|iPhone = Release|iPhone
		Release|iPhoneSimulator = Release|iPhoneSimulator
	EndGlobalSection
	GlobalSection(ProjectConfigurationPlatforms) = postSolution
		{1C9423C1-F8C8-498E-B913-21C780818965}.Debug|Any CPU.ActiveCfg = Debug|Any CPU
		{1C9423C1-F8C8-498E-B913-21C780818965}.Debug|Any CPU.Build.0 = Debug|Any CPU
		{1C9423C1-F8C8-498E-B913-21C780818965}.Debug|Any CPU.Deploy.0 = Debug|Any CPU
		{1C9423C1-F8C8-498E-B913-21C780818965}.Debug|iPhone.ActiveCfg = Debug|Any CPU
		{1C9423C1-F8C8-498E-B913-21C780818965}.Debug|iPhone.Build.0 = Debug|Any CPU
		{1C9423C1-F8C8-498E-B913-21C780818965}.Debug|iPhone.Deploy.0 = Debug|Any CPU
		{1C9423C1-F8C8-498E-B913-21C780818965}.Debug|iPhoneSimulator.ActiveCfg = Debug|Any CPU
		{1C9423C1-F8C8-498E-B913-21C780818965}.Debug|iPhoneSimulator.Build.0 = Debug|Any CPU
		{1C9423C1-F8C8-498E-B913-21C780818965}.Debug|iPhoneSimulator.Deploy.0 = Debug|Any CPU
		{1C9423C1-F8C8-498E-B913-21C780818965}.Release|Any CPU.ActiveCfg = Release|Any CPU
		{1C9423C1-F8C8-498E-B913-21C780818965}.Release|Any CPU.Build.0 = Release|Any CPU
		{1C9423C1-F8C8-498E-B913-21C780818965}.Release|Any CPU.Deploy.0 = Release|Any CPU
		{1C9423C1-F8C8-498E-B913-21C780818965}.Release|iPhone.ActiveCfg = Release|Any CPU
		{1C9423C1-F8C8-498E-B913-21C780818965}.Release|iPhone.Build.0 = Release|Any CPU
		{1C9423C1-F8C8-498E-B913-21C780818965}.Release|iPhone.Deploy.0 = Release|Any CPU
		{1C9423C1-F8C8-498E-B913-21C780818965}.Release|iPhoneSimulator.ActiveCfg = Release|Any CPU
		{1C9423C1-F8C8-498E-B913-21C780818965}.Release|iPhoneSimulator.Build.0 = Release|Any CPU
		{1C9423C1-F8C8-498E-B913-21C780818965}.Release|iPhoneSimulator.Deploy.0 = Release|Any CPU
		{28DC4B1C-76F3-4040-BB75-3925837E98AD}.Debug|Any CPU.ActiveCfg = Debug|iPhone
		{28DC4B1C-76F3-4040-BB75-3925837E98AD}.Debug|Any CPU.Build.0 = Debug|iPhone
		{28DC4B1C-76F3-4040-BB75-3925837E98AD}.Debug|Any CPU.Deploy.0 = Debug|iPhone
		{28DC4B1C-76F3-4040-BB75-3925837E98AD}.Debug|iPhone.ActiveCfg = Debug|iPhone
		{28DC4B1C-76F3-4040-BB75-3925837E98AD}.Debug|iPhone.Build.0 = Debug|iPhone
		{28DC4B1C-76F3-4040-BB75-3925837E98AD}.Debug|iPhone.Deploy.0 = Debug|iPhone
		{28DC4B1C-76F3-4040-BB75-3925837E98AD}.Debug|iPhoneSimulator.ActiveCfg = Debug|iPhoneSimulator
		{28DC4B1C-76F3-4040-BB75-3925837E98AD}.Debug|iPhoneSimulator.Build.0 = Debug|iPhoneSimulator
		{28DC4B1C-76F3-4040-BB75-3925837E98AD}.Debug|iPhoneSimulator.Deploy.0 = Debug|iPhoneSimulator
		{28DC4B1C-76F3-4040-BB75-3925837E98AD}.Release|Any CPU.ActiveCfg = Release|iPhoneSimulator
		{28DC4B1C-76F3-4040-BB75-3925837E98AD}.Release|Any CPU.Build.0 = Release|iPhoneSimulator
		{28DC4B1C-76F3-4040-BB75-3925837E98AD}.Release|Any CPU.Deploy.0 = Release|iPhoneSimulator
		{28DC4B1C-76F3-4040-BB75-3925837E98AD}.Release|iPhone.ActiveCfg = Release|iPhone
		{28DC4B1C-76F3-4040-BB75-3925837E98AD}.Release|iPhone.Build.0 = Release|iPhone
		{28DC4B1C-76F3-4040-BB75-3925837E98AD}.Release|iPhone.Deploy.0 = Release|iPhone
		{28DC4B1C-76F3-4040-BB75-3925837E98AD}.Release|iPhoneSimulator.ActiveCfg = Release|iPhoneSimulator
		{28DC4B1C-76F3-4040-BB75-3925837E98AD}.Release|iPhoneSimulator.Build.0 = Release|iPhoneSimulator
		{28DC4B1C-76F3-4040-BB75-3925837E98AD}.Release|iPhoneSimulator.Deploy.0 = Release|iPhoneSimulator
		{3F9B5B29-BEF2-476E-B70B-B249A837F288}.Debug|Any CPU.ActiveCfg = Debug|Any CPU
		{3F9B5B29-BEF2-476E-B70B-B249A837F288}.Debug|Any CPU.Build.0 = Debug|Any CPU
		{3F9B5B29-BEF2-476E-B70B-B249A837F288}.Debug|Any CPU.Deploy.0 = Debug|Any CPU
		{3F9B5B29-BEF2-476E-B70B-B249A837F288}.Debug|iPhone.ActiveCfg = Debug|Any CPU
		{3F9B5B29-BEF2-476E-B70B-B249A837F288}.Debug|iPhone.Build.0 = Debug|Any CPU
		{3F9B5B29-BEF2-476E-B70B-B249A837F288}.Debug|iPhone.Deploy.0 = Debug|Any CPU
		{3F9B5B29-BEF2-476E-B70B-B249A837F288}.Debug|iPhoneSimulator.ActiveCfg = Debug|Any CPU
		{3F9B5B29-BEF2-476E-B70B-B249A837F288}.Debug|iPhoneSimulator.Build.0 = Debug|Any CPU
		{3F9B5B29-BEF2-476E-B70B-B249A837F288}.Debug|iPhoneSimulator.Deploy.0 = Debug|Any CPU
		{3F9B5B29-BEF2-476E-B70B-B249A837F288}.Release|Any CPU.ActiveCfg = Release|Any CPU
		{3F9B5B29-BEF2-476E-B70B-B249A837F288}.Release|Any CPU.Build.0 = Release|Any CPU
		{3F9B5B29-BEF2-476E-B70B-B249A837F288}.Release|Any CPU.Deploy.0 = Release|Any CPU
		{3F9B5B29-BEF2-476E-B70B-B249A837F288}.Release|iPhone.ActiveCfg = Release|Any CPU
		{3F9B5B29-BEF2-476E-B70B-B249A837F288}.Release|iPhone.Build.0 = Release|Any CPU
		{3F9B5B29-BEF2-476E-B70B-B249A837F288}.Release|iPhone.Deploy.0 = Release|Any CPU
		{3F9B5B29-BEF2-476E-B70B-B249A837F288}.Release|iPhoneSimulator.ActiveCfg = Release|Any CPU
		{3F9B5B29-BEF2-476E-B70B-B249A837F288}.Release|iPhoneSimulator.Build.0 = Release|Any CPU
		{3F9B5B29-BEF2-476E-B70B-B249A837F288}.Release|iPhoneSimulator.Deploy.0 = Release|Any CPU
		{6F186115-D244-42D6-82A6-4D9D325EF64C}.Debug|Any CPU.ActiveCfg = Debug|Any CPU
		{6F186115-D244-42D6-82A6-4D9D325EF64C}.Debug|Any CPU.Build.0 = Debug|Any CPU
		{6F186115-D244-42D6-82A6-4D9D325EF64C}.Debug|iPhone.ActiveCfg = Debug|Any CPU
		{6F186115-D244-42D6-82A6-4D9D325EF64C}.Debug|iPhone.Build.0 = Debug|Any CPU
		{6F186115-D244-42D6-82A6-4D9D325EF64C}.Debug|iPhoneSimulator.ActiveCfg = Debug|Any CPU
		{6F186115-D244-42D6-82A6-4D9D325EF64C}.Debug|iPhoneSimulator.Build.0 = Debug|Any CPU
		{6F186115-D244-42D6-82A6-4D9D325EF64C}.Release|Any CPU.ActiveCfg = Release|Any CPU
		{6F186115-D244-42D6-82A6-4D9D325EF64C}.Release|Any CPU.Build.0 = Release|Any CPU
		{6F186115-D244-42D6-82A6-4D9D325EF64C}.Release|iPhone.ActiveCfg = Release|Any CPU
		{6F186115-D244-42D6-82A6-4D9D325EF64C}.Release|iPhone.Build.0 = Release|Any CPU
		{6F186115-D244-42D6-82A6-4D9D325EF64C}.Release|iPhoneSimulator.ActiveCfg = Release|Any CPU
		{6F186115-D244-42D6-82A6-4D9D325EF64C}.Release|iPhoneSimulator.Build.0 = Release|Any CPU
		{7F643B5E-80FE-473A-BD6F-7EADDD8921F4}.Debug|Any CPU.ActiveCfg = Debug|Any CPU
		{7F643B5E-80FE-473A-BD6F-7EADDD8921F4}.Debug|Any CPU.Build.0 = Debug|Any CPU
		{7F643B5E-80FE-473A-BD6F-7EADDD8921F4}.Debug|iPhone.ActiveCfg = Debug|Any CPU
		{7F643B5E-80FE-473A-BD6F-7EADDD8921F4}.Debug|iPhone.Build.0 = Debug|Any CPU
		{7F643B5E-80FE-473A-BD6F-7EADDD8921F4}.Debug|iPhoneSimulator.ActiveCfg = Debug|Any CPU
		{7F643B5E-80FE-473A-BD6F-7EADDD8921F4}.Debug|iPhoneSimulator.Build.0 = Debug|Any CPU
		{7F643B5E-80FE-473A-BD6F-7EADDD8921F4}.Release|Any CPU.ActiveCfg = Release|Any CPU
		{7F643B5E-80FE-473A-BD6F-7EADDD8921F4}.Release|Any CPU.Build.0 = Release|Any CPU
		{7F643B5E-80FE-473A-BD6F-7EADDD8921F4}.Release|iPhone.ActiveCfg = Release|Any CPU
		{7F643B5E-80FE-473A-BD6F-7EADDD8921F4}.Release|iPhone.Build.0 = Release|Any CPU
		{7F643B5E-80FE-473A-BD6F-7EADDD8921F4}.Release|iPhoneSimulator.ActiveCfg = Release|Any CPU
		{7F643B5E-80FE-473A-BD6F-7EADDD8921F4}.Release|iPhoneSimulator.Build.0 = Release|Any CPU
		{BAE6EB4E-8DCD-4DB1-89F9-DCC6D44FD98C}.Debug|Any CPU.ActiveCfg = Debug|Any CPU
		{BAE6EB4E-8DCD-4DB1-89F9-DCC6D44FD98C}.Debug|Any CPU.Build.0 = Debug|Any CPU
		{BAE6EB4E-8DCD-4DB1-89F9-DCC6D44FD98C}.Debug|iPhone.ActiveCfg = Debug|Any CPU
		{BAE6EB4E-8DCD-4DB1-89F9-DCC6D44FD98C}.Debug|iPhone.Build.0 = Debug|Any CPU
		{BAE6EB4E-8DCD-4DB1-89F9-DCC6D44FD98C}.Debug|iPhoneSimulator.ActiveCfg = Debug|Any CPU
		{BAE6EB4E-8DCD-4DB1-89F9-DCC6D44FD98C}.Debug|iPhoneSimulator.Build.0 = Debug|Any CPU
		{BAE6EB4E-8DCD-4DB1-89F9-DCC6D44FD98C}.Release|Any CPU.ActiveCfg = Release|Any CPU
		{BAE6EB4E-8DCD-4DB1-89F9-DCC6D44FD98C}.Release|Any CPU.Build.0 = Release|Any CPU
		{BAE6EB4E-8DCD-4DB1-89F9-DCC6D44FD98C}.Release|iPhone.ActiveCfg = Release|Any CPU
		{BAE6EB4E-8DCD-4DB1-89F9-DCC6D44FD98C}.Release|iPhone.Build.0 = Release|Any CPU
		{BAE6EB4E-8DCD-4DB1-89F9-DCC6D44FD98C}.Release|iPhoneSimulator.ActiveCfg = Release|Any CPU
		{BAE6EB4E-8DCD-4DB1-89F9-DCC6D44FD98C}.Release|iPhoneSimulator.Build.0 = Release|Any CPU
		{4E09A462-D38E-4287-BFA5-73CDD8FEC85B}.Debug|Any CPU.ActiveCfg = Debug|Any CPU
		{4E09A462-D38E-4287-BFA5-73CDD8FEC85B}.Debug|Any CPU.Build.0 = Debug|Any CPU
		{4E09A462-D38E-4287-BFA5-73CDD8FEC85B}.Debug|iPhone.ActiveCfg = Debug|Any CPU
		{4E09A462-D38E-4287-BFA5-73CDD8FEC85B}.Debug|iPhone.Build.0 = Debug|Any CPU
		{4E09A462-D38E-4287-BFA5-73CDD8FEC85B}.Debug|iPhoneSimulator.ActiveCfg = Debug|Any CPU
		{4E09A462-D38E-4287-BFA5-73CDD8FEC85B}.Debug|iPhoneSimulator.Build.0 = Debug|Any CPU
		{4E09A462-D38E-4287-BFA5-73CDD8FEC85B}.Release|Any CPU.ActiveCfg = Release|Any CPU
		{4E09A462-D38E-4287-BFA5-73CDD8FEC85B}.Release|Any CPU.Build.0 = Release|Any CPU
		{4E09A462-D38E-4287-BFA5-73CDD8FEC85B}.Release|iPhone.ActiveCfg = Release|Any CPU
		{4E09A462-D38E-4287-BFA5-73CDD8FEC85B}.Release|iPhone.Build.0 = Release|Any CPU
		{4E09A462-D38E-4287-BFA5-73CDD8FEC85B}.Release|iPhoneSimulator.ActiveCfg = Release|Any CPU
		{4E09A462-D38E-4287-BFA5-73CDD8FEC85B}.Release|iPhoneSimulator.Build.0 = Release|Any CPU
		{F5E85D58-2CA3-4FFB-8855-D8D3EB9DD0A7}.Debug|Any CPU.ActiveCfg = Debug|Any CPU
		{F5E85D58-2CA3-4FFB-8855-D8D3EB9DD0A7}.Debug|Any CPU.Build.0 = Debug|Any CPU
		{F5E85D58-2CA3-4FFB-8855-D8D3EB9DD0A7}.Debug|iPhone.ActiveCfg = Debug|Any CPU
		{F5E85D58-2CA3-4FFB-8855-D8D3EB9DD0A7}.Debug|iPhone.Build.0 = Debug|Any CPU
		{F5E85D58-2CA3-4FFB-8855-D8D3EB9DD0A7}.Debug|iPhoneSimulator.ActiveCfg = Debug|Any CPU
		{F5E85D58-2CA3-4FFB-8855-D8D3EB9DD0A7}.Debug|iPhoneSimulator.Build.0 = Debug|Any CPU
		{F5E85D58-2CA3-4FFB-8855-D8D3EB9DD0A7}.Release|Any CPU.ActiveCfg = Release|Any CPU
		{F5E85D58-2CA3-4FFB-8855-D8D3EB9DD0A7}.Release|Any CPU.Build.0 = Release|Any CPU
		{F5E85D58-2CA3-4FFB-8855-D8D3EB9DD0A7}.Release|iPhone.ActiveCfg = Release|Any CPU
		{F5E85D58-2CA3-4FFB-8855-D8D3EB9DD0A7}.Release|iPhone.Build.0 = Release|Any CPU
		{F5E85D58-2CA3-4FFB-8855-D8D3EB9DD0A7}.Release|iPhoneSimulator.ActiveCfg = Release|Any CPU
		{F5E85D58-2CA3-4FFB-8855-D8D3EB9DD0A7}.Release|iPhoneSimulator.Build.0 = Release|Any CPU
		{568B6564-8E37-4BED-A74D-52B700425CB2}.Debug|Any CPU.ActiveCfg = Debug|Any CPU
		{568B6564-8E37-4BED-A74D-52B700425CB2}.Debug|Any CPU.Build.0 = Debug|Any CPU
		{568B6564-8E37-4BED-A74D-52B700425CB2}.Debug|iPhone.ActiveCfg = Debug|Any CPU
		{568B6564-8E37-4BED-A74D-52B700425CB2}.Debug|iPhone.Build.0 = Debug|Any CPU
		{568B6564-8E37-4BED-A74D-52B700425CB2}.Debug|iPhoneSimulator.ActiveCfg = Debug|Any CPU
		{568B6564-8E37-4BED-A74D-52B700425CB2}.Debug|iPhoneSimulator.Build.0 = Debug|Any CPU
		{568B6564-8E37-4BED-A74D-52B700425CB2}.Release|Any CPU.ActiveCfg = Release|Any CPU
		{568B6564-8E37-4BED-A74D-52B700425CB2}.Release|Any CPU.Build.0 = Release|Any CPU
		{568B6564-8E37-4BED-A74D-52B700425CB2}.Release|iPhone.ActiveCfg = Release|Any CPU
		{568B6564-8E37-4BED-A74D-52B700425CB2}.Release|iPhone.Build.0 = Release|Any CPU
		{568B6564-8E37-4BED-A74D-52B700425CB2}.Release|iPhoneSimulator.ActiveCfg = Release|Any CPU
		{568B6564-8E37-4BED-A74D-52B700425CB2}.Release|iPhoneSimulator.Build.0 = Release|Any CPU
	EndGlobalSection
	GlobalSection(SolutionProperties) = preSolution
		HideSolutionNode = FALSE
	EndGlobalSection
	GlobalSection(ExtensibilityGlobals) = postSolution
		SolutionGuid = {A0DAC539-55CA-4C49-B9BC-F97D163BF195}
	EndGlobalSection
EndGlobal
